
Microsoft Visual Studio Solution File, Format Version 12.00
# Visual Studio 15
VisualStudioVersion = 15.0.26228.4
MinimumVisualStudioVersion = 10.0.40219.1
Project("{FAE04EC0-301F-11D3-BF4B-00C04F79EFBC}") = "PlantDisease", "PlantDisease\PlantDisease.csproj", "{7CA2C788-05B0-4303-90A5-93A83CF0BF2A}"
EndProject
Global
	GlobalSection(SolutionConfigurationPlatforms) = preSolution
		Debug|Any CPU = Debug|Any CPU
		Release|Any CPU = Release|Any CPU
	EndGlobalSection
	GlobalSection(ProjectConfigurationPlatforms) = postSolution
		{7CA2C788-05B0-4303-90A5-93A83CF0BF2A}.Debug|Any CPU.ActiveCfg = Debug|Any CPU
		{7CA2C788-05B0-4303-90A5-93A83CF0BF2A}.Debug|Any CPU.Build.0 = Debug|Any CPU
		{7CA2C788-05B0-4303-90A5-93A83CF0BF2A}.Release|Any CPU.ActiveCfg = Release|Any CPU
		{7CA2C788-05B0-4303-90A5-93A83CF0BF2A}.Release|Any CPU.Build.0 = Release|Any CPU
	EndGlobalSection
	GlobalSection(SolutionProperties) = preSolution
		HideSolutionNode = FALSE
	EndGlobalSection
EndGlobal
